
Microsoft Visual Studio Solution File, Format Version 12.00
# Visual Studio Version 17
VisualStudioVersion = 17.13.35913.81
MinimumVisualStudioVersion = 10.0.40219.1
Project("{FAE04EC0-301F-11D3-BF4B-00C04F79EFBC}") = "WordTemplateProcessor.web", "WordTemplateProcessor.web\WordTemplateProcessor.web.csproj", "{BCE73604-4877-4F9A-8C6F-8FD600501957}"
EndProject
Project("{FAE04EC0-301F-11D3-BF4B-00C04F79EFBC}") = "WordImageInserter", "WordImageInserter\WordImageInserter.csproj", "{D570E722-1AB1-4A8B-A943-D2F26222A283}"
EndProject
Project("{FAE04EC0-301F-11D3-BF4B-00C04F79EFBC}") = "WordToPdfConverter", "WordToPdfConverter\WordToPdfConverter.csproj", "{411C1CEE-A182-4716-A522-75D3B8B2770A}"
EndProject
Global
	GlobalSection(SolutionConfigurationPlatforms) = preSolution
		Debug|Any CPU = Debug|Any CPU
		Release|Any CPU = Release|Any CPU
	EndGlobalSection
	GlobalSection(ProjectConfigurationPlatforms) = postSolution
		{BCE73604-4877-4F9A-8C6F-8FD600501957}.Debug|Any CPU.ActiveCfg = Debug|Any CPU
		{BCE73604-4877-4F9A-8C6F-8FD600501957}.Debug|Any CPU.Build.0 = Debug|Any CPU
		{BCE73604-4877-4F9A-8C6F-8FD600501957}.Release|Any CPU.ActiveCfg = Release|Any CPU
		{BCE73604-4877-4F9A-8C6F-8FD600501957}.Release|Any CPU.Build.0 = Release|Any CPU
		{D570E722-1AB1-4A8B-A943-D2F26222A283}.Debug|Any CPU.ActiveCfg = Debug|Any CPU
		{D570E722-1AB1-4A8B-A943-D2F26222A283}.Debug|Any CPU.Build.0 = Debug|Any CPU
		{D570E722-1AB1-4A8B-A943-D2F26222A283}.Release|Any CPU.ActiveCfg = Release|Any CPU
		{D570E722-1AB1-4A8B-A943-D2F26222A283}.Release|Any CPU.Build.0 = Release|Any CPU
		{411C1CEE-A182-4716-A522-75D3B8B2770A}.Debug|Any CPU.ActiveCfg = Debug|Any CPU
		{411C1CEE-A182-4716-A522-75D3B8B2770A}.Debug|Any CPU.Build.0 = Debug|Any CPU
		{411C1CEE-A182-4716-A522-75D3B8B2770A}.Release|Any CPU.ActiveCfg = Release|Any CPU
		{411C1CEE-A182-4716-A522-75D3B8B2770A}.Release|Any CPU.Build.0 = Release|Any CPU
	EndGlobalSection
	GlobalSection(SolutionProperties) = preSolution
		HideSolutionNode = FALSE
	EndGlobalSection
EndGlobal
